
Microsoft Visual Studio Solution File, Format Version 12.00
# Visual Studio Version 17
VisualStudioVersion = 17.11.35303.130
MinimumVisualStudioVersion = 10.0.40219.1
Project("{FAE04EC0-301F-11D3-BF4B-00C04F79EFBC}") = "RSSNews", "RSSNews\RSSNews.csproj", "{546482D4-CCE4-4B2E-8474-3CD0348DFF8C}"
EndProject
Global
	GlobalSection(SolutionConfigurationPlatforms) = preSolution
		Debug|Any CPU = Debug|Any CPU
		Release|Any CPU = Release|Any CPU
	EndGlobalSection
	GlobalSection(ProjectConfigurationPlatforms) = postSolution
		{546482D4-CCE4-4B2E-8474-3CD0348DFF8C}.Debug|Any CPU.ActiveCfg = Debug|Any CPU
		{546482D4-CCE4-4B2E-8474-3CD0348DFF8C}.Debug|Any CPU.Build.0 = Debug|Any CPU
		{546482D4-CCE4-4B2E-8474-3CD0348DFF8C}.Release|Any CPU.ActiveCfg = Release|Any CPU
		{546482D4-CCE4-4B2E-8474-3CD0348DFF8C}.Release|Any CPU.Build.0 = Release|Any CPU
	EndGlobalSection
	GlobalSection(SolutionProperties) = preSolution
		HideSolutionNode = FALSE
	EndGlobalSection
	GlobalSection(ExtensibilityGlobals) = postSolution
		SolutionGuid = {E8C5F5A6-5EB4-49B0-BDB2-F9BCF8220C6D}
	EndGlobalSection
EndGlobal
